
Microsoft Visual Studio Solution File, Format Version 12.00
# Visual Studio Version 16
VisualStudioVersion = 16.0.30320.27
MinimumVisualStudioVersion = 10.0.40219.1
Project("{9A19103F-16F7-4668-BE54-9A1E7A4F7556}") = "GiftSmrBot", "GiftSmrBot.csproj", "{328EB9A3-126B-45C5-963B-25AAD4FA4CEE}"
EndProject
Project("{9A19103F-16F7-4668-BE54-9A1E7A4F7556}") = "GiftSmrBot.Services", "..\GiftSmrBot.Services\GiftSmrBot.Services.csproj", "{899C29D4-E9B7-487E-B38E-F75BDF164EC0}"
EndProject
Project("{9A19103F-16F7-4668-BE54-9A1E7A4F7556}") = "GiftSmrBot.Core", "..\GiftSmrBot.Core\GiftSmrBot.Core.csproj", "{F755DDFC-E2DD-4239-AD6E-C6EFDB3BC429}"
EndProject
Global
	GlobalSection(SolutionConfigurationPlatforms) = preSolution
		Debug|Any CPU = Debug|Any CPU
		Release|Any CPU = Release|Any CPU
	EndGlobalSection
	GlobalSection(ProjectConfigurationPlatforms) = postSolution
		{328EB9A3-126B-45C5-963B-25AAD4FA4CEE}.Debug|Any CPU.ActiveCfg = Debug|Any CPU
		{328EB9A3-126B-45C5-963B-25AAD4FA4CEE}.Debug|Any CPU.Build.0 = Debug|Any CPU
		{328EB9A3-126B-45C5-963B-25AAD4FA4CEE}.Release|Any CPU.ActiveCfg = Release|Any CPU
		{328EB9A3-126B-45C5-963B-25AAD4FA4CEE}.Release|Any CPU.Build.0 = Release|Any CPU
		{899C29D4-E9B7-487E-B38E-F75BDF164EC0}.Debug|Any CPU.ActiveCfg = Debug|Any CPU
		{899C29D4-E9B7-487E-B38E-F75BDF164EC0}.Debug|Any CPU.Build.0 = Debug|Any CPU
		{899C29D4-E9B7-487E-B38E-F75BDF164EC0}.Release|Any CPU.ActiveCfg = Release|Any CPU
		{899C29D4-E9B7-487E-B38E-F75BDF164EC0}.Release|Any CPU.Build.0 = Release|Any CPU
		{F755DDFC-E2DD-4239-AD6E-C6EFDB3BC429}.Debug|Any CPU.ActiveCfg = Debug|Any CPU
		{F755DDFC-E2DD-4239-AD6E-C6EFDB3BC429}.Debug|Any CPU.Build.0 = Debug|Any CPU
		{F755DDFC-E2DD-4239-AD6E-C6EFDB3BC429}.Release|Any CPU.ActiveCfg = Release|Any CPU
		{F755DDFC-E2DD-4239-AD6E-C6EFDB3BC429}.Release|Any CPU.Build.0 = Release|Any CPU
	EndGlobalSection
	GlobalSection(SolutionProperties) = preSolution
		HideSolutionNode = FALSE
	EndGlobalSection
	GlobalSection(ExtensibilityGlobals) = postSolution
		SolutionGuid = {31FAD2C4-C3F9-4B63-8319-4260873F26A4}
	EndGlobalSection
EndGlobal
